[[package]]
category = "main"
description = "Scapy: interactive packet manipulation tool"
name = "scapy"
optional = false
python-versions = ">=2.7, !=3.0.*, !=3.1.*, !=3.2.*, !=3.3.*, <4"
version = "2.4.3"

[metadata]
content-hash = "5cde1b87c8feff8bb60d2a66ae62e23d023f78c4e4f7afd7bd08b9989e86916a"
python-versions = "^3.7"

[metadata.hashes]
scapy = ["e2f8d11f6a941c14a789ae8b236b27bd634681f1b29b5e893861e284d234f6b0"]
